{
    "_readme": [
        "This file locks the dependencies of your project to a known state",
        "Read more about it at http://getcomposer.org/doc/01-basic-usage.md#composer-lock-the-lock-file"
    ],
    "hash": "1f5ceb0d4d8150688458e4ac476cff4c",
    "packages": [
        {
            "name": "sculpin/bootstrap-3-blog-theme",
            "version": "dev-master",
            "source": {
                "type": "git",
                "url": "https://github.com/sculpin/bootstrap-3-blog-theme.git",
                "reference": "a3cbc97865384d11d331f4bda508c9951ad1ba04"
            },
            "dist": {
                "type": "zip",
                "url": "https://api.github.com/repos/sculpin/bootstrap-3-blog-theme/zipball/a3cbc97865384d11d331f4bda508c9951ad1ba04",
                "reference": "a3cbc97865384d11d331f4bda508c9951ad1ba04",
                "shasum": ""
            },
            "type": "sculpin-theme",
            "description": "A Bootstrap 3 Blog Theme for Sculpin",
            "support": {
                "source": "https://github.com/sculpin/bootstrap-3-blog-theme/tree/master",
                "issues": "https://github.com/sculpin/bootstrap-3-blog-theme/issues"
            },
            "time": "2014-01-15 03:23:22"
        }
    ],
    "packages-dev": [

    ],
    "aliases": [

    ],
    "minimum-stability": "stable",
    "stability-flags": {
        "sculpin/bootstrap-3-blog-theme": 20
    },
    "platform": [

    ],
    "platform-dev": [

    ]
}
